
Microsoft Visual Studio Solution File, Format Version 12.00
# Visual Studio Version 17
VisualStudioVersion = 17.5.33209.295
MinimumVisualStudioVersion = 10.0.40219.1
Project("{8BC9CEB8-8B4A-11D0-8D11-00A0C91BC942}") = "Sandbox", "Sandbox\Sandbox.vcxproj", "{0E77AA49-7B1B-4A65-90DF-5C62CEFF7EEE}"
EndProject
Project("{8BC9CEB8-8B4A-11D0-8D11-00A0C91BC942}") = "Hazel", "Hazel\Hazel.vcxproj", "{C5AEDE38-B3A6-4C32-AB78-B504DE9C2949}"
EndProject
Global
	GlobalSection(SolutionConfigurationPlatforms) = preSolution
		Debug|x64 = Debug|x64
		Release|x64 = Release|x64
	EndGlobalSection
	GlobalSection(ProjectConfigurationPlatforms) = postSolution
		{0E77AA49-7B1B-4A65-90DF-5C62CEFF7EEE}.Debug|x64.ActiveCfg = Debug|x64
		{0E77AA49-7B1B-4A65-90DF-5C62CEFF7EEE}.Debug|x64.Build.0 = Debug|x64
		{0E77AA49-7B1B-4A65-90DF-5C62CEFF7EEE}.Release|x64.ActiveCfg = Release|x64
		{0E77AA49-7B1B-4A65-90DF-5C62CEFF7EEE}.Release|x64.Build.0 = Release|x64
		{C5AEDE38-B3A6-4C32-AB78-B504DE9C2949}.Debug|x64.ActiveCfg = Debug|x64
		{C5AEDE38-B3A6-4C32-AB78-B504DE9C2949}.Debug|x64.Build.0 = Debug|x64
		{C5AEDE38-B3A6-4C32-AB78-B504DE9C2949}.Release|x64.ActiveCfg = Release|x64
		{C5AEDE38-B3A6-4C32-AB78-B504DE9C2949}.Release|x64.Build.0 = Release|x64
	EndGlobalSection
	GlobalSection(SolutionProperties) = preSolution
		HideSolutionNode = FALSE
	EndGlobalSection
	GlobalSection(ExtensibilityGlobals) = postSolution
		SolutionGuid = {650ECA7B-106F-41D0-951B-D49C73757812}
	EndGlobalSection
EndGlobal
